
Microsoft Visual Studio Solution File, Format Version 12.00
# Visual Studio Version 16
VisualStudioVersion = 16.0.30523.141
MinimumVisualStudioVersion = 10.0.40219.1
Project("{9A19103F-16F7-4668-BE54-9A1E7A4F7556}") = "DNS Tunneling Client", "DNS Tunneling Client\DNS Tunneling Client.csproj", "{4938CAFE-407D-4B92-B9D3-A65C3ACBABCF}"
EndProject
Global
	GlobalSection(SolutionConfigurationPlatforms) = preSolution
		Debug|Any CPU = Debug|Any CPU
		Debug|x64 = Debug|x64
		Release|Any CPU = Release|Any CPU
		Release|x64 = Release|x64
	EndGlobalSection
	GlobalSection(ProjectConfigurationPlatforms) = postSolution
		{4938CAFE-407D-4B92-B9D3-A65C3ACBABCF}.Debug|Any CPU.ActiveCfg = Debug|Any CPU
		{4938CAFE-407D-4B92-B9D3-A65C3ACBABCF}.Debug|Any CPU.Build.0 = Debug|Any CPU
		{4938CAFE-407D-4B92-B9D3-A65C3ACBABCF}.Debug|x64.ActiveCfg = Debug|x64
		{4938CAFE-407D-4B92-B9D3-A65C3ACBABCF}.Debug|x64.Build.0 = Debug|x64
		{4938CAFE-407D-4B92-B9D3-A65C3ACBABCF}.Release|Any CPU.ActiveCfg = Release|Any CPU
		{4938CAFE-407D-4B92-B9D3-A65C3ACBABCF}.Release|Any CPU.Build.0 = Release|Any CPU
		{4938CAFE-407D-4B92-B9D3-A65C3ACBABCF}.Release|x64.ActiveCfg = Release|x64
		{4938CAFE-407D-4B92-B9D3-A65C3ACBABCF}.Release|x64.Build.0 = Release|x64
	EndGlobalSection
	GlobalSection(SolutionProperties) = preSolution
		HideSolutionNode = FALSE
	EndGlobalSection
	GlobalSection(ExtensibilityGlobals) = postSolution
		SolutionGuid = {1E0A2133-E98E-4AF7-AAC2-8ED5AC53137A}
	EndGlobalSection
EndGlobal
